
Microsoft Visual Studio Solution File, Format Version 12.00
# Visual Studio Version 16
VisualStudioVersion = 16.0.31019.35
MinimumVisualStudioVersion = 10.0.40219.1
Project("{FAE04EC0-301F-11D3-BF4B-00C04F79EFBC}") = "classprogram", "classprogram\classprogram.csproj", "{FA983132-DD7F-410B-AA9C-812D759B9B0D}"
EndProject
Global
	GlobalSection(SolutionConfigurationPlatforms) = preSolution
		Debug|Any CPU = Debug|Any CPU
		Release|Any CPU = Release|Any CPU
	EndGlobalSection
	GlobalSection(ProjectConfigurationPlatforms) = postSolution
		{FA983132-DD7F-410B-AA9C-812D759B9B0D}.Debug|Any CPU.ActiveCfg = Debug|Any CPU
		{FA983132-DD7F-410B-AA9C-812D759B9B0D}.Debug|Any CPU.Build.0 = Debug|Any CPU
		{FA983132-DD7F-410B-AA9C-812D759B9B0D}.Release|Any CPU.ActiveCfg = Release|Any CPU
		{FA983132-DD7F-410B-AA9C-812D759B9B0D}.Release|Any CPU.Build.0 = Release|Any CPU
	EndGlobalSection
	GlobalSection(SolutionProperties) = preSolution
		HideSolutionNode = FALSE
	EndGlobalSection
	GlobalSection(ExtensibilityGlobals) = postSolution
		SolutionGuid = {19241DB7-EC7C-44AC-AF68-66F7B295A7BD}
	EndGlobalSection
EndGlobal
